
Microsoft Visual Studio Solution File, Format Version 12.00
# Visual Studio 15
VisualStudioVersion = 15.0.28307.902
MinimumVisualStudioVersion = 10.0.40219.1
Project("{FAE04EC0-301F-11D3-BF4B-00C04F79EFBC}") = "Calculator", "Calculator\Calculator.csproj", "{F261812C-E3AD-4A87-B562-F0EA3D66449D}"
EndProject
Global
	GlobalSection(SolutionConfigurationPlatforms) = preSolution
		Debug|Any CPU = Debug|Any CPU
		Release|Any CPU = Release|Any CPU
	EndGlobalSection
	GlobalSection(ProjectConfigurationPlatforms) = postSolution
		{F261812C-E3AD-4A87-B562-F0EA3D66449D}.Debug|Any CPU.ActiveCfg = Debug|Any CPU
		{F261812C-E3AD-4A87-B562-F0EA3D66449D}.Debug|Any CPU.Build.0 = Debug|Any CPU
		{F261812C-E3AD-4A87-B562-F0EA3D66449D}.Release|Any CPU.ActiveCfg = Release|Any CPU
		{F261812C-E3AD-4A87-B562-F0EA3D66449D}.Release|Any CPU.Build.0 = Release|Any CPU
	EndGlobalSection
	GlobalSection(SolutionProperties) = preSolution
		HideSolutionNode = FALSE
	EndGlobalSection
	GlobalSection(ExtensibilityGlobals) = postSolution
		SolutionGuid = {9AF2E44B-BA74-40D7-93B2-33A800E54AE7}
	EndGlobalSection
EndGlobal
